
Microsoft Visual Studio Solution File, Format Version 12.00
Project("{FAE04EC0-301F-11D3-BF4B-00C04F79EFBC}") = "Downloader", "Downloader\Downloader.csproj", "{D9FA6DE0-4115-42AF-B3F5-006808BC8454}"
EndProject
Global
	GlobalSection(SolutionConfigurationPlatforms) = preSolution
		Debug|Any CPU = Debug|Any CPU
		Release|Any CPU = Release|Any CPU
	EndGlobalSection
	GlobalSection(ProjectConfigurationPlatforms) = postSolution
		{D9FA6DE0-4115-42AF-B3F5-006808BC8454}.Debug|Any CPU.ActiveCfg = Debug|Any CPU
		{D9FA6DE0-4115-42AF-B3F5-006808BC8454}.Debug|Any CPU.Build.0 = Debug|Any CPU
		{D9FA6DE0-4115-42AF-B3F5-006808BC8454}.Release|Any CPU.ActiveCfg = Release|Any CPU
		{D9FA6DE0-4115-42AF-B3F5-006808BC8454}.Release|Any CPU.Build.0 = Release|Any CPU
	EndGlobalSection
EndGlobal
